// !$*UTF8*$!
{
	archiveVersion = 1;
	classes = {
	};
	objectVersion = 55;
	objects = {

/* Begin PBXBuildFile section */
		08206159BEE733D15A15719F /* Pods_GrowMartApp_GrowMartAppTests.framework in Frameworks */ = {isa = PBXBuildFile; fileRef = E6E35110097D65EE99A215E6 /* Pods_GrowMartApp_GrowMartAppTests.framework */; };
		77346EAD8BD1966F0F806DAD /* Pods_GrowMartApp.framework in Frameworks */ = {isa = PBXBuildFile; fileRef = 863531FCC84AA402890227B9 /* Pods_GrowMartApp.framework */; };
		96040E8728B432230029B0D7 /* AppDelegate.swift in Sources */ = {isa = PBXBuildFile; fileRef = 96040E8628B432230029B0D7 /* AppDelegate.swift */; };
		96040E8928B432230029B0D7 /* SceneDelegate.swift in Sources */ = {isa = PBXBuildFile; fileRef = 96040E8828B432230029B0D7 /* SceneDelegate.swift */; };
		96040E8B28B432230029B0D7 /* LoginViewController.swift in Sources */ = {isa = PBXBuildFile; fileRef = 96040E8A28B432230029B0D7 /* LoginViewController.swift */; };
		96040E9028B432230029B0D7 /* Assets.xcassets in Resources */ = {isa = PBXBuildFile; fileRef = 96040E8F28B432230029B0D7 /* Assets.xcassets */; };
		96040E9328B432230029B0D7 /* LaunchScreen.storyboard in Resources */ = {isa = PBXBuildFile; fileRef = 96040E9128B432230029B0D7 /* LaunchScreen.storyboard */; };
		967ACF1528DF39CB00854CA7 /* CustomTextFieldCell.swift in Sources */ = {isa = PBXBuildFile; fileRef = 967ACF1428DF39CB00854CA7 /* CustomTextFieldCell.swift */; };
		9686997D28BD6AC20060F512 /* UIFont+Extensions.swift in Sources */ = {isa = PBXBuildFile; fileRef = 9686997C28BD6AC20060F512 /* UIFont+Extensions.swift */; };
		9686998628BD82020060F512 /* Nunito-Italic-VariableFont_wght.ttf in Resources */ = {isa = PBXBuildFile; fileRef = 9686998428BD82020060F512 /* Nunito-Italic-VariableFont_wght.ttf */; };
		9686998728BD82020060F512 /* Nunito-VariableFont_wght.ttf in Resources */ = {isa = PBXBuildFile; fileRef = 9686998528BD82020060F512 /* Nunito-VariableFont_wght.ttf */; };
		9692A82628D27B6400D040AA /* CategoriesSegmentedControl.swift in Sources */ = {isa = PBXBuildFile; fileRef = 9692A82528D27B6400D040AA /* CategoriesSegmentedControl.swift */; };
		9697398528F6255400AA029F /* Categories.json in Resources */ = {isa = PBXBuildFile; fileRef = 9697398428F6255400AA029F /* Categories.json */; };
		9697398728F6260E00AA029F /* CategoryButtonCell.swift in Sources */ = {isa = PBXBuildFile; fileRef = 9697398628F6260E00AA029F /* CategoryButtonCell.swift */; };
		9697398928F62C2300AA029F /* LoadingCell.swift in Sources */ = {isa = PBXBuildFile; fileRef = 9697398828F62C2300AA029F /* LoadingCell.swift */; };
		9698BF0D28E20ABC008DFF41 /* DoubleCustomTextFieldCell.swift in Sources */ = {isa = PBXBuildFile; fileRef = 9698BF0C28E20ABC008DFF41 /* DoubleCustomTextFieldCell.swift */; };
		9698BF0F28E21331008DFF41 /* CheckboxCell.swift in Sources */ = {isa = PBXBuildFile; fileRef = 9698BF0E28E21331008DFF41 /* CheckboxCell.swift */; };
		9698CC8D28E3090A00E9DBB7 /* BaseView.swift in Sources */ = {isa = PBXBuildFile; fileRef = 9698CC8C28E3090A00E9DBB7 /* BaseView.swift */; };
		9699C18F28C8D19D00481568 /* ProductCell.swift in Sources */ = {isa = PBXBuildFile; fileRef = 9699C18E28C8D19D00481568 /* ProductCell.swift */; };
		9699C19128C8D27400481568 /* Product.swift in Sources */ = {isa = PBXBuildFile; fileRef = 9699C19028C8D27400481568 /* Product.swift */; };
		969A85A728D1E219009059C2 /* CatalogViewController.swift in Sources */ = {isa = PBXBuildFile; fileRef = 969A85A628D1E219009059C2 /* CatalogViewController.swift */; };
		969B9D8F28C3892E0065A0DE /* CartView.swift in Sources */ = {isa = PBXBuildFile; fileRef = 969B9D8E28C3892E0065A0DE /* CartView.swift */; };
		969C25CD28F57A0000AA44B1 /* CategoriesResponse.swift in Sources */ = {isa = PBXBuildFile; fileRef = 969C25CC28F57A0000AA44B1 /* CategoriesResponse.swift */; };
		969C3EA528ED895B00B8CDCA /* CategoryButtonTests.swift in Sources */ = {isa = PBXBuildFile; fileRef = 969C3EA428ED895B00B8CDCA /* CategoryButtonTests.swift */; };
		969C3EA728ED90A200B8CDCA /* CategoriesSegmentedControlTests.swift in Sources */ = {isa = PBXBuildFile; fileRef = 969C3EA628ED90A200B8CDCA /* CategoriesSegmentedControlTests.swift */; };
		969C3EAA28ED92F800B8CDCA /* ButtonCellTests.swift in Sources */ = {isa = PBXBuildFile; fileRef = 969C3EA928ED92F800B8CDCA /* ButtonCellTests.swift */; };
		969C3EAD28ED948400B8CDCA /* Mirror+Extensions.swift in Sources */ = {isa = PBXBuildFile; fileRef = 969C3EAC28ED948400B8CDCA /* Mirror+Extensions.swift */; };
		96A0180F28DA7EF300B19AB8 /* ProfileView.swift in Sources */ = {isa = PBXBuildFile; fileRef = 96A0180E28DA7EF300B19AB8 /* ProfileView.swift */; };
		96A0181128DA7F0400B19AB8 /* ProfileViewController.swift in Sources */ = {isa = PBXBuildFile; fileRef = 96A0181028DA7F0400B19AB8 /* ProfileViewController.swift */; };
		96A06BE328DB7AF100846A4D /* UITableViewCell+Extensions.swift in Sources */ = {isa = PBXBuildFile; fileRef = 96A06BE228DB7AF000846A4D /* UITableViewCell+Extensions.swift */; };
		96A28E3228DB52CE00D39621 /* InfoDataView.swift in Sources */ = {isa = PBXBuildFile; fileRef = 96A28E3128DB52CE00D39621 /* InfoDataView.swift */; };
		96A28E3428DB534F00D39621 /* LabelValueView.swift in Sources */ = {isa = PBXBuildFile; fileRef = 96A28E3328DB534F00D39621 /* LabelValueView.swift */; };
		96A28E3628DB596B00D39621 /* HeaderView.swift in Sources */ = {isa = PBXBuildFile; fileRef = 96A28E3528DB596B00D39621 /* HeaderView.swift */; };
		96A28E3828DB5C5800D39621 /* EditProfileView.swift in Sources */ = {isa = PBXBuildFile; fileRef = 96A28E3728DB5C5800D39621 /* EditProfileView.swift */; };
		96A28E3A28DB5C6700D39621 /* EditProfileViewController.swift in Sources */ = {isa = PBXBuildFile; fileRef = 96A28E3928DB5C6700D39621 /* EditProfileViewController.swift */; };
		96A28E3C28DB5C7000D39621 /* Profile.swift in Sources */ = {isa = PBXBuildFile; fileRef = 96A28E3B28DB5C7000D39621 /* Profile.swift */; };
		96A58E2B28E75EAA00A71090 /* BaseViewWithTableView.swift in Sources */ = {isa = PBXBuildFile; fileRef = 96A58E2A28E75EAA00A71090 /* BaseViewWithTableView.swift */; };
		96A58E3228E764EA00A71090 /* ProductDataView.swift in Sources */ = {isa = PBXBuildFile; fileRef = 96A58E3128E764EA00A71090 /* ProductDataView.swift */; };
		96A58E3428E7669D00A71090 /* AddProductViewController.swift in Sources */ = {isa = PBXBuildFile; fileRef = 96A58E3328E7669D00A71090 /* AddProductViewController.swift */; };
		96A58E3628E7686600A71090 /* SimpleTextfieldCell.swift in Sources */ = {isa = PBXBuildFile; fileRef = 96A58E3528E7686600A71090 /* SimpleTextfieldCell.swift */; };
		96A58E3828E7689000A71090 /* SelectorCell.swift in Sources */ = {isa = PBXBuildFile; fileRef = 96A58E3728E7689000A71090 /* SelectorCell.swift */; };
		96A58E3A28E76B4700A71090 /* RightIconTextField.swift in Sources */ = {isa = PBXBuildFile; fileRef = 96A58E3928E76B4700A71090 /* RightIconTextField.swift */; };
		96A58E3C28E76D8E00A71090 /* UITextField+Extensions.swift in Sources */ = {isa = PBXBuildFile; fileRef = 96A58E3B28E76D8E00A71090 /* UITextField+Extensions.swift */; };
		96A58E3E28E76DEE00A71090 /* PickerView.swift in Sources */ = {isa = PBXBuildFile; fileRef = 96A58E3D28E76DEE00A71090 /* PickerView.swift */; };
		96A66F1F28C20F6600497050 /* SelectorView.swift in Sources */ = {isa = PBXBuildFile; fileRef = 96A66F1E28C20F6600497050 /* SelectorView.swift */; };
		96A66F2128C20F7400497050 /* SelectorViewController.swift in Sources */ = {isa = PBXBuildFile; fileRef = 96A66F2028C20F7400497050 /* SelectorViewController.swift */; };
		96A914BF28C8B054008ABFB1 /* ButtonCell.swift in Sources */ = {isa = PBXBuildFile; fileRef = 96A914BE28C8B054008ABFB1 /* ButtonCell.swift */; };
		96A914C128C8B1FD008ABFB1 /* UIButton.Configuration+Extension.swift in Sources */ = {isa = PBXBuildFile; fileRef = 96A914C028C8B1FD008ABFB1 /* UIButton.Configuration+Extension.swift */; };
		96A914C328C8BA33008ABFB1 /* TotalCell.swift in Sources */ = {isa = PBXBuildFile; fileRef = 96A914C228C8BA33008ABFB1 /* TotalCell.swift */; };
		96ACEE2628EC430500BE8D80 /* BaseTests.swift in Sources */ = {isa = PBXBuildFile; fileRef = 96ACEE2528EC430500BE8D80 /* BaseTests.swift */; };
		96AE558528BEB3D100EC7295 /* CategoryButton.swift in Sources */ = {isa = PBXBuildFile; fileRef = 96AE558428BEB3D100EC7295 /* CategoryButton.swift */; };
		96B0EDFA28EDF47100E0E4B9 /* LoginViewControllerTests.swift in Sources */ = {isa = PBXBuildFile; fileRef = 96B0EDF928EDF47100E0E4B9 /* LoginViewControllerTests.swift */; };
		96B0EDFC28EDF48600E0E4B9 /* LoginViewTests.swift in Sources */ = {isa = PBXBuildFile; fileRef = 96B0EDFB28EDF48600E0E4B9 /* LoginViewTests.swift */; };
		96B1C27728D2813A003AA7ED /* CatalogItemCell.swift in Sources */ = {isa = PBXBuildFile; fileRef = 96B1C27628D2813A003AA7ED /* CatalogItemCell.swift */; };
		96B9834A28B5830800073871 /* ViewCodable.swift in Sources */ = {isa = PBXBuildFile; fileRef = 96B9834928B5830800073871 /* ViewCodable.swift */; };
		96B9834C28B5923E00073871 /* UIColor+Extensions.swift in Sources */ = {isa = PBXBuildFile; fileRef = 96B9834B28B5923E00073871 /* UIColor+Extensions.swift */; };
		96B9835028B59A9E00073871 /* LoginView.swift in Sources */ = {isa = PBXBuildFile; fileRef = 96B9834F28B59A9E00073871 /* LoginView.swift */; };
		96BD138E28D3347000406BB4 /* UIImageView+Extensions.swift in Sources */ = {isa = PBXBuildFile; fileRef = 96BD138D28D3347000406BB4 /* UIImageView+Extensions.swift */; };
		96C2DFEA28EB4A3E00819AE5 /* AddPhotoCell.swift in Sources */ = {isa = PBXBuildFile; fileRef = 96C2DFE928EB4A3E00819AE5 /* AddPhotoCell.swift */; };
		96C2DFEC28EB4AF200819AE5 /* PhotoCell.swift in Sources */ = {isa = PBXBuildFile; fileRef = 96C2DFEB28EB4AF200819AE5 /* PhotoCell.swift */; };
		96C2DFEE28EB4C1100819AE5 /* UICollectionViewCell.swift in Sources */ = {isa = PBXBuildFile; fileRef = 96C2DFED28EB4C1100819AE5 /* UICollectionViewCell.swift */; };
		96C8384328C7589D00E76F1D /* CartViewController.swift in Sources */ = {isa = PBXBuildFile; fileRef = 96C8384228C7589D00E76F1D /* CartViewController.swift */; };
		96D16DE728CCC40200B65B23 /* CartFooterView.swift in Sources */ = {isa = PBXBuildFile; fileRef = 96D16DE628CCC40200B65B23 /* CartFooterView.swift */; };
		96D16DE928CCC57400B65B23 /* BaseViewController.swift in Sources */ = {isa = PBXBuildFile; fileRef = 96D16DE828CCC57400B65B23 /* BaseViewController.swift */; };
		96D16DED28CCC95400B65B23 /* CatalogView.swift in Sources */ = {isa = PBXBuildFile; fileRef = 96D16DEC28CCC95400B65B23 /* CatalogView.swift */; };
		96F66EF228EAF7AE00A795E2 /* CarouselPhotosCell.swift in Sources */ = {isa = PBXBuildFile; fileRef = 96F66EF128EAF7AE00A795E2 /* CarouselPhotosCell.swift */; };
/* End PBXBuildFile section */

/* Begin PBXContainerItemProxy section */
		96ACEE2728EC430500BE8D80 /* PBXContainerItemProxy */ = {
			isa = PBXContainerItemProxy;
			containerPortal = 96040E7B28B432230029B0D7 /* Project object */;
			proxyType = 1;
			remoteGlobalIDString = 96040E8228B432230029B0D7;
			remoteInfo = GrowMartApp;
		};
/* End PBXContainerItemProxy section */

/* Begin PBXFileReference section */
		20CF47227B3446193022427B /* Pods-GrowMartApp.release.xcconfig */ = {isa = PBXFileReference; includeInIndex = 1; lastKnownFileType = text.xcconfig; name = "Pods-GrowMartApp.release.xcconfig"; path = "Target Support Files/Pods-GrowMartApp/Pods-GrowMartApp.release.xcconfig"; sourceTree = "<group>"; };
		43CA39B493B7C6779F8A5D96 /* Pods-GrowMartApp-GrowMartAppTests.release.xcconfig */ = {isa = PBXFileReference; includeInIndex = 1; lastKnownFileType = text.xcconfig; name = "Pods-GrowMartApp-GrowMartAppTests.release.xcconfig"; path = "Target Support Files/Pods-GrowMartApp-GrowMartAppTests/Pods-GrowMartApp-GrowMartAppTests.release.xcconfig"; sourceTree = "<group>"; };
		6316936F36703CD9189B025D /* Pods-GrowMartApp.debug.xcconfig */ = {isa = PBXFileReference; includeInIndex = 1; lastKnownFileType = text.xcconfig; name = "Pods-GrowMartApp.debug.xcconfig"; path = "Target Support Files/Pods-GrowMartApp/Pods-GrowMartApp.debug.xcconfig"; sourceTree = "<group>"; };
		863531FCC84AA402890227B9 /* Pods_GrowMartApp.framework */ = {isa = PBXFileReference; explicitFileType = wrapper.framework; includeInIndex = 0; path = Pods_GrowMartApp.framework; sourceTree = BUILT_PRODUCTS_DIR; };
		8DF7C5C03BFF84320949E1FA /* Pods-GrowMartApp-GrowMartAppTests.debug.xcconfig */ = {isa = PBXFileReference; includeInIndex = 1; lastKnownFileType = text.xcconfig; name = "Pods-GrowMartApp-GrowMartAppTests.debug.xcconfig"; path = "Target Support Files/Pods-GrowMartApp-GrowMartAppTests/Pods-GrowMartApp-GrowMartAppTests.debug.xcconfig"; sourceTree = "<group>"; };
		96040E8328B432230029B0D7 /* GrowMartApp.app */ = {isa = PBXFileReference; explicitFileType = wrapper.application; includeInIndex = 0; path = GrowMartApp.app; sourceTree = BUILT_PRODUCTS_DIR; };
		96040E8628B432230029B0D7 /* AppDelegate.swift */ = {isa = PBXFileReference; lastKnownFileType = sourcecode.swift; path = AppDelegate.swift; sourceTree = "<group>"; };
		96040E8828B432230029B0D7 /* SceneDelegate.swift */ = {isa = PBXFileReference; lastKnownFileType = sourcecode.swift; path = SceneDelegate.swift; sourceTree = "<group>"; };
		96040E8A28B432230029B0D7 /* LoginViewController.swift */ = {isa = PBXFileReference; lastKnownFileType = sourcecode.swift; path = LoginViewController.swift; sourceTree = "<group>"; };
		96040E8F28B432230029B0D7 /* Assets.xcassets */ = {isa = PBXFileReference; lastKnownFileType = folder.assetcatalog; path = Assets.xcassets; sourceTree = "<group>"; };
		96040E9228B432230029B0D7 /* Base */ = {isa = PBXFileReference; lastKnownFileType = file.storyboard; name = Base; path = Base.lproj/LaunchScreen.storyboard; sourceTree = "<group>"; };
		96040E9428B432230029B0D7 /* Info.plist */ = {isa = PBXFileReference; lastKnownFileType = text.plist.xml; path = Info.plist; sourceTree = "<group>"; };
		967ACF1428DF39CB00854CA7 /* CustomTextFieldCell.swift */ = {isa = PBXFileReference; lastKnownFileType = sourcecode.swift; path = CustomTextFieldCell.swift; sourceTree = "<group>"; };
		9686997C28BD6AC20060F512 /* UIFont+Extensions.swift */ = {isa = PBXFileReference; lastKnownFileType = sourcecode.swift; path = "UIFont+Extensions.swift"; sourceTree = "<group>"; };
		9686998428BD82020060F512 /* Nunito-Italic-VariableFont_wght.ttf */ = {isa = PBXFileReference; lastKnownFileType = file; path = "Nunito-Italic-VariableFont_wght.ttf"; sourceTree = "<group>"; };
		9686998528BD82020060F512 /* Nunito-VariableFont_wght.ttf */ = {isa = PBXFileReference; lastKnownFileType = file; path = "Nunito-VariableFont_wght.ttf"; sourceTree = "<group>"; };
		9692A82528D27B6400D040AA /* CategoriesSegmentedControl.swift */ = {isa = PBXFileReference; lastKnownFileType = sourcecode.swift; path = CategoriesSegmentedControl.swift; sourceTree = "<group>"; };
		9697398428F6255400AA029F /* Categories.json */ = {isa = PBXFileReference; lastKnownFileType = text.json; path = Categories.json; sourceTree = "<group>"; };
		9697398628F6260E00AA029F /* CategoryButtonCell.swift */ = {isa = PBXFileReference; lastKnownFileType = sourcecode.swift; path = CategoryButtonCell.swift; sourceTree = "<group>"; };
		9697398828F62C2300AA029F /* LoadingCell.swift */ = {isa = PBXFileReference; lastKnownFileType = sourcecode.swift; path = LoadingCell.swift; sourceTree = "<group>"; };
		9698BF0C28E20ABC008DFF41 /* DoubleCustomTextFieldCell.swift */ = {isa = PBXFileReference; lastKnownFileType = sourcecode.swift; path = DoubleCustomTextFieldCell.swift; sourceTree = "<group>"; };
		9698BF0E28E21331008DFF41 /* CheckboxCell.swift */ = {isa = PBXFileReference; lastKnownFileType = sourcecode.swift; path = CheckboxCell.swift; sourceTree = "<group>"; };
		9698CC8C28E3090A00E9DBB7 /* BaseView.swift */ = {isa = PBXFileReference; lastKnownFileType = sourcecode.swift; path = BaseView.swift; sourceTree = "<group>"; };
		9699C18E28C8D19D00481568 /* ProductCell.swift */ = {isa = PBXFileReference; lastKnownFileType = sourcecode.swift; path = ProductCell.swift; sourceTree = "<group>"; };
		9699C19028C8D27400481568 /* Product.swift */ = {isa = PBXFileReference; lastKnownFileType = sourcecode.swift; path = Product.swift; sourceTree = "<group>"; };
		969A85A628D1E219009059C2 /* CatalogViewController.swift */ = {isa = PBXFileReference; lastKnownFileType = sourcecode.swift; path = CatalogViewController.swift; sourceTree = "<group>"; };
		969B9D8E28C3892E0065A0DE /* CartView.swift */ = {isa = PBXFileReference; lastKnownFileType = sourcecode.swift; path = CartView.swift; sourceTree = "<group>"; };
		969C25CC28F57A0000AA44B1 /* CategoriesResponse.swift */ = {isa = PBXFileReference; lastKnownFileType = sourcecode.swift; path = CategoriesResponse.swift; sourceTree = "<group>"; };
		969C3EA428ED895B00B8CDCA /* CategoryButtonTests.swift */ = {isa = PBXFileReference; lastKnownFileType = sourcecode.swift; path = CategoryButtonTests.swift; sourceTree = "<group>"; };
		969C3EA628ED90A200B8CDCA /* CategoriesSegmentedControlTests.swift */ = {isa = PBXFileReference; lastKnownFileType = sourcecode.swift; path = CategoriesSegmentedControlTests.swift; sourceTree = "<group>"; };
		969C3EA928ED92F800B8CDCA /* ButtonCellTests.swift */ = {isa = PBXFileReference; lastKnownFileType = sourcecode.swift; path = ButtonCellTests.swift; sourceTree = "<group>"; };
		969C3EAC28ED948400B8CDCA /* Mirror+Extensions.swift */ = {isa = PBXFileReference; lastKnownFileType = sourcecode.swift; path = "Mirror+Extensions.swift"; sourceTree = "<group>"; };
		96A0180E28DA7EF300B19AB8 /* ProfileView.swift */ = {isa = PBXFileReference; lastKnownFileType = sourcecode.swift; path = ProfileView.swift; sourceTree = "<group>"; };
		96A0181028DA7F0400B19AB8 /* ProfileViewController.swift */ = {isa = PBXFileReference; lastKnownFileType = sourcecode.swift; path = ProfileViewController.swift; sourceTree = "<group>"; };
		96A06BE228DB7AF000846A4D /* UITableViewCell+Extensions.swift */ = {isa = PBXFileReference; lastKnownFileType = sourcecode.swift; path = "UITableViewCell+Extensions.swift"; sourceTree = "<group>"; };
		96A28E3128DB52CE00D39621 /* InfoDataView.swift */ = {isa = PBXFileReference; lastKnownFileType = sourcecode.swift; path = InfoDataView.swift; sourceTree = "<group>"; };
		96A28E3328DB534F00D39621 /* LabelValueView.swift */ = {isa = PBXFileReference; lastKnownFileType = sourcecode.swift; path = LabelValueView.swift; sourceTree = "<group>"; };
		96A28E3528DB596B00D39621 /* HeaderView.swift */ = {isa = PBXFileReference; lastKnownFileType = sourcecode.swift; path = HeaderView.swift; sourceTree = "<group>"; };
		96A28E3728DB5C5800D39621 /* EditProfileView.swift */ = {isa = PBXFileReference; lastKnownFileType = sourcecode.swift; path = EditProfileView.swift; sourceTree = "<group>"; };
		96A28E3928DB5C6700D39621 /* EditProfileViewController.swift */ = {isa = PBXFileReference; lastKnownFileType = sourcecode.swift; path = EditProfileViewController.swift; sourceTree = "<group>"; };
		96A28E3B28DB5C7000D39621 /* Profile.swift */ = {isa = PBXFileReference; lastKnownFileType = sourcecode.swift; path = Profile.swift; sourceTree = "<group>"; };
		96A58E2A28E75EAA00A71090 /* BaseViewWithTableView.swift */ = {isa = PBXFileReference; lastKnownFileType = sourcecode.swift; path = BaseViewWithTableView.swift; sourceTree = "<group>"; };
		96A58E3128E764EA00A71090 /* ProductDataView.swift */ = {isa = PBXFileReference; lastKnownFileType = sourcecode.swift; path = ProductDataView.swift; sourceTree = "<group>"; };
		96A58E3328E7669D00A71090 /* AddProductViewController.swift */ = {isa = PBXFileReference; lastKnownFileType = sourcecode.swift; path = AddProductViewController.swift; sourceTree = "<group>"; };
		96A58E3528E7686600A71090 /* SimpleTextfieldCell.swift */ = {isa = PBXFileReference; lastKnownFileType = sourcecode.swift; path = SimpleTextfieldCell.swift; sourceTree = "<group>"; };
		96A58E3728E7689000A71090 /* SelectorCell.swift */ = {isa = PBXFileReference; lastKnownFileType = sourcecode.swift; path = SelectorCell.swift; sourceTree = "<group>"; };
		96A58E3928E76B4700A71090 /* RightIconTextField.swift */ = {isa = PBXFileReference; lastKnownFileType = sourcecode.swift; path = RightIconTextField.swift; sourceTree = "<group>"; };
		96A58E3B28E76D8E00A71090 /* UITextField+Extensions.swift */ = {isa = PBXFileReference; lastKnownFileType = sourcecode.swift; path = "UITextField+Extensions.swift"; sourceTree = "<group>"; };
		96A58E3D28E76DEE00A71090 /* PickerView.swift */ = {isa = PBXFileReference; lastKnownFileType = sourcecode.swift; path = PickerView.swift; sourceTree = "<group>"; };
		96A66F1E28C20F6600497050 /* SelectorView.swift */ = {isa = PBXFileReference; lastKnownFileType = sourcecode.swift; path = SelectorView.swift; sourceTree = "<group>"; };
		96A66F2028C20F7400497050 /* SelectorViewController.swift */ = {isa = PBXFileReference; lastKnownFileType = sourcecode.swift; path = SelectorViewController.swift; sourceTree = "<group>"; };
		96A914BE28C8B054008ABFB1 /* ButtonCell.swift */ = {isa = PBXFileReference; lastKnownFileType = sourcecode.swift; path = ButtonCell.swift; sourceTree = "<group>"; };
		96A914C028C8B1FD008ABFB1 /* UIButton.Configuration+Extension.swift */ = {isa = PBXFileReference; lastKnownFileType = sourcecode.swift; path = "UIButton.Configuration+Extension.swift"; sourceTree = "<group>"; };
		96A914C228C8BA33008ABFB1 /* TotalCell.swift */ = {isa = PBXFileReference; lastKnownFileType = sourcecode.swift; path = TotalCell.swift; sourceTree = "<group>"; };
		96ACEE2328EC430500BE8D80 /* GrowMartAppTests.xctest */ = {isa = PBXFileReference; explicitFileType = wrapper.cfbundle; includeInIndex = 0; path = GrowMartAppTests.xctest; sourceTree = BUILT_PRODUCTS_DIR; };
		96ACEE2528EC430500BE8D80 /* BaseTests.swift */ = {isa = PBXFileReference; lastKnownFileType = sourcecode.swift; path = BaseTests.swift; sourceTree = "<group>"; };
		96AE558428BEB3D100EC7295 /* CategoryButton.swift */ = {isa = PBXFileReference; lastKnownFileType = sourcecode.swift; path = CategoryButton.swift; sourceTree = "<group>"; };
		96B0EDF928EDF47100E0E4B9 /* LoginViewControllerTests.swift */ = {isa = PBXFileReference; lastKnownFileType = sourcecode.swift; path = LoginViewControllerTests.swift; sourceTree = "<group>"; };
		96B0EDFB28EDF48600E0E4B9 /* LoginViewTests.swift */ = {isa = PBXFileReference; lastKnownFileType = sourcecode.swift; path = LoginViewTests.swift; sourceTree = "<group>"; };
		96B1C27628D2813A003AA7ED /* CatalogItemCell.swift */ = {isa = PBXFileReference; lastKnownFileType = sourcecode.swift; path = CatalogItemCell.swift; sourceTree = "<group>"; };
		96B9834928B5830800073871 /* ViewCodable.swift */ = {isa = PBXFileReference; lastKnownFileType = sourcecode.swift; path = ViewCodable.swift; sourceTree = "<group>"; };
		96B9834B28B5923E00073871 /* UIColor+Extensions.swift */ = {isa = PBXFileReference; lastKnownFileType = sourcecode.swift; path = "UIColor+Extensions.swift"; sourceTree = "<group>"; };
		96B9834F28B59A9E00073871 /* LoginView.swift */ = {isa = PBXFileReference; lastKnownFileType = sourcecode.swift; path = LoginView.swift; sourceTree = "<group>"; };
		96BD138D28D3347000406BB4 /* UIImageView+Extensions.swift */ = {isa = PBXFileReference; lastKnownFileType = sourcecode.swift; path = "UIImageView+Extensions.swift"; sourceTree = "<group>"; };
		96C2DFE928EB4A3E00819AE5 /* AddPhotoCell.swift */ = {isa = PBXFileReference; lastKnownFileType = sourcecode.swift; path = AddPhotoCell.swift; sourceTree = "<group>"; };
		96C2DFEB28EB4AF200819AE5 /* PhotoCell.swift */ = {isa = PBXFileReference; lastKnownFileType = sourcecode.swift; path = PhotoCell.swift; sourceTree = "<group>"; };
		96C2DFED28EB4C1100819AE5 /* UICollectionViewCell.swift */ = {isa = PBXFileReference; lastKnownFileType = sourcecode.swift; path = UICollectionViewCell.swift; sourceTree = "<group>"; };
		96C8384228C7589D00E76F1D /* CartViewController.swift */ = {isa = PBXFileReference; lastKnownFileType = sourcecode.swift; path = CartViewController.swift; sourceTree = "<group>"; };
		96D16DE628CCC40200B65B23 /* CartFooterView.swift */ = {isa = PBXFileReference; lastKnownFileType = sourcecode.swift; path = CartFooterView.swift; sourceTree = "<group>"; };
		96D16DE828CCC57400B65B23 /* BaseViewController.swift */ = {isa = PBXFileReference; lastKnownFileType = sourcecode.swift; path = BaseViewController.swift; sourceTree = "<group>"; };
		96D16DEC28CCC95400B65B23 /* CatalogView.swift */ = {isa = PBXFileReference; lastKnownFileType = sourcecode.swift; path = CatalogView.swift; sourceTree = "<group>"; };
		96F66EF128EAF7AE00A795E2 /* CarouselPhotosCell.swift */ = {isa = PBXFileReference; lastKnownFileType = sourcecode.swift; path = CarouselPhotosCell.swift; sourceTree = "<group>"; };
		E6E35110097D65EE99A215E6 /* Pods_GrowMartApp_GrowMartAppTests.framework */ = {isa = PBXFileReference; explicitFileType = wrapper.framework; includeInIndex = 0; path = Pods_GrowMartApp_GrowMartAppTests.framework; sourceTree = BUILT_PRODUCTS_DIR; };
/* End PBXFileReference section */

/* Begin PBXFrameworksBuildPhase section */
		96040E8028B432230029B0D7 /* Frameworks */ = {
			isa = PBXFrameworksBuildPhase;
			buildActionMask = 2147483647;
			files = (
				77346EAD8BD1966F0F806DAD /* Pods_GrowMartApp.framework in Frameworks */,
			);
			runOnlyForDeploymentPostprocessing = 0;
		};
		96ACEE2028EC430500BE8D80 /* Frameworks */ = {
			isa = PBXFrameworksBuildPhase;
			buildActionMask = 2147483647;
			files = (
				08206159BEE733D15A15719F /* Pods_GrowMartApp_GrowMartAppTests.framework in Frameworks */,
			);
			runOnlyForDeploymentPostprocessing = 0;
		};
/* End PBXFrameworksBuildPhase section */

/* Begin PBXGroup section */
		0EE9FD8685A2E022C41914E6 /* Pods */ = {
			isa = PBXGroup;
			children = (
				6316936F36703CD9189B025D /* Pods-GrowMartApp.debug.xcconfig */,
				20CF47227B3446193022427B /* Pods-GrowMartApp.release.xcconfig */,
				8DF7C5C03BFF84320949E1FA /* Pods-GrowMartApp-GrowMartAppTests.debug.xcconfig */,
				43CA39B493B7C6779F8A5D96 /* Pods-GrowMartApp-GrowMartAppTests.release.xcconfig */,
			);
			path = Pods;
			sourceTree = "<group>";
		};
		451086CD1CD6F5E8B4DE2267 /* Frameworks */ = {
			isa = PBXGroup;
			children = (
				863531FCC84AA402890227B9 /* Pods_GrowMartApp.framework */,
				E6E35110097D65EE99A215E6 /* Pods_GrowMartApp_GrowMartAppTests.framework */,
			);
			name = Frameworks;
			sourceTree = "<group>";
		};
		96040E7A28B432230029B0D7 = {
			isa = PBXGroup;
			children = (
				96040E8528B432230029B0D7 /* GrowMartApp */,
				96ACEE2428EC430500BE8D80 /* GrowMartAppTests */,
				96040E8428B432230029B0D7 /* Products */,
				0EE9FD8685A2E022C41914E6 /* Pods */,
				451086CD1CD6F5E8B4DE2267 /* Frameworks */,
			);
			sourceTree = "<group>";
		};
		96040E8428B432230029B0D7 /* Products */ = {
			isa = PBXGroup;
			children = (
				96040E8328B432230029B0D7 /* GrowMartApp.app */,
				96ACEE2328EC430500BE8D80 /* GrowMartAppTests.xctest */,
			);
			name = Products;
			sourceTree = "<group>";
		};
		96040E8528B432230029B0D7 /* GrowMartApp */ = {
			isa = PBXGroup;
			children = (
				967ACF1128DF382B00854CA7 /* Commons */,
				96D16DEA28CCC92D00B65B23 /* Modules */,
				96AE558328BEB33000EC7295 /* Components */,
				9686997928BD68F40060F512 /* Resources */,
				96B9834D28B59A4200073871 /* Extensions */,
				9686998828BD82E00060F512 /* Delegate */,
				96040E9128B432230029B0D7 /* LaunchScreen.storyboard */,
				96040E9428B432230029B0D7 /* Info.plist */,
			);
			path = GrowMartApp;
			sourceTree = "<group>";
		};
		967ACF1128DF382B00854CA7 /* Commons */ = {
			isa = PBXGroup;
			children = (
				9697398C28F62CA900AA029F /* Cells */,
			);
			path = Commons;
			sourceTree = "<group>";
		};
		9683F78928BA4FF20019EC5F /* Fonts */ = {
			isa = PBXGroup;
			children = (
				9686998428BD82020060F512 /* Nunito-Italic-VariableFont_wght.ttf */,
				9686998528BD82020060F512 /* Nunito-VariableFont_wght.ttf */,
			);
			path = Fonts;
			sourceTree = "<group>";
		};
		9686997928BD68F40060F512 /* Resources */ = {
			isa = PBXGroup;
			children = (
				9683F78928BA4FF20019EC5F /* Fonts */,
				96040E8F28B432230029B0D7 /* Assets.xcassets */,
			);
			path = Resources;
			sourceTree = "<group>";
		};
		9686998828BD82E00060F512 /* Delegate */ = {
			isa = PBXGroup;
			children = (
				96040E8628B432230029B0D7 /* AppDelegate.swift */,
				96040E8828B432230029B0D7 /* SceneDelegate.swift */,
			);
			path = Delegate;
			sourceTree = "<group>";
		};
		9697398328F624F100AA029F /* Cells */ = {
			isa = PBXGroup;
			children = (
				9697398628F6260E00AA029F /* CategoryButtonCell.swift */,
			);
			path = Cells;
			sourceTree = "<group>";
		};
		9697398C28F62CA900AA029F /* Cells */ = {
			isa = PBXGroup;
			children = (
				96A914BE28C8B054008ABFB1 /* ButtonCell.swift */,
				967ACF1428DF39CB00854CA7 /* CustomTextFieldCell.swift */,
				9698BF0C28E20ABC008DFF41 /* DoubleCustomTextFieldCell.swift */,
				9698BF0E28E21331008DFF41 /* CheckboxCell.swift */,
				96A58E3528E7686600A71090 /* SimpleTextfieldCell.swift */,
				96A58E3728E7689000A71090 /* SelectorCell.swift */,
				9697398828F62C2300AA029F /* LoadingCell.swift */,
			);
			path = Cells;
			sourceTree = "<group>";
		};
		9698CC8B28E308F700E9DBB7 /* Base */ = {
			isa = PBXGroup;
			children = (
				96D16DE828CCC57400B65B23 /* BaseViewController.swift */,
				9698CC8C28E3090A00E9DBB7 /* BaseView.swift */,
				96A58E2A28E75EAA00A71090 /* BaseViewWithTableView.swift */,
			);
			path = Base;
			sourceTree = "<group>";
		};
		969B9D8D28C3891E0065A0DE /* Cart */ = {
			isa = PBXGroup;
			children = (
				96A914BD28C8B03F008ABFB1 /* Cell */,
				969B9D8E28C3892E0065A0DE /* CartView.swift */,
				96C8384228C7589D00E76F1D /* CartViewController.swift */,
				96D16DE628CCC40200B65B23 /* CartFooterView.swift */,
				9699C19028C8D27400481568 /* Product.swift */,
			);
			path = Cart;
			sourceTree = "<group>";
		};
		969C3EA328ED890500B8CDCA /* Components */ = {
			isa = PBXGroup;
			children = (
				969C3EA428ED895B00B8CDCA /* CategoryButtonTests.swift */,
				969C3EA628ED90A200B8CDCA /* CategoriesSegmentedControlTests.swift */,
			);
			path = Components;
			sourceTree = "<group>";
		};
		969C3EA828ED92E200B8CDCA /* Commons */ = {
			isa = PBXGroup;
			children = (
				969C3EAE28ED96AA00B8CDCA /* Cells */,
			);
			path = Commons;
			sourceTree = "<group>";
		};
		969C3EAB28ED93F200B8CDCA /* Extensions */ = {
			isa = PBXGroup;
			children = (
				969C3EAC28ED948400B8CDCA /* Mirror+Extensions.swift */,
			);
			path = Extensions;
			sourceTree = "<group>";
		};
		969C3EAE28ED96AA00B8CDCA /* Cells */ = {
			isa = PBXGroup;
			children = (
				969C3EA928ED92F800B8CDCA /* ButtonCellTests.swift */,
			);
			path = Cells;
			sourceTree = "<group>";
		};
		96A0180D28DA7EE200B19AB8 /* Profile */ = {
			isa = PBXGroup;
			children = (
				96A0180E28DA7EF300B19AB8 /* ProfileView.swift */,
				96A0181028DA7F0400B19AB8 /* ProfileViewController.swift */,
				96A28E3728DB5C5800D39621 /* EditProfileView.swift */,
				96A28E3928DB5C6700D39621 /* EditProfileViewController.swift */,
				96A28E3B28DB5C7000D39621 /* Profile.swift */,
			);
			path = Profile;
			sourceTree = "<group>";
		};
		96A58E2C28E7613C00A71090 /* Product */ = {
			isa = PBXGroup;
			children = (
				96F66EF028EAF78800A795E2 /* Cells */,
				96A58E3128E764EA00A71090 /* ProductDataView.swift */,
				96A58E3328E7669D00A71090 /* AddProductViewController.swift */,
			);
			path = Product;
			sourceTree = "<group>";
		};
		96A66F1D28C20F3C00497050 /* Selector */ = {
			isa = PBXGroup;
			children = (
				9697398328F624F100AA029F /* Cells */,
				96A66F1E28C20F6600497050 /* SelectorView.swift */,
				96A66F2028C20F7400497050 /* SelectorViewController.swift */,
				969C25CC28F57A0000AA44B1 /* CategoriesResponse.swift */,
				9697398428F6255400AA029F /* Categories.json */,
			);
			path = Selector;
			sourceTree = "<group>";
		};
		96A914BD28C8B03F008ABFB1 /* Cell */ = {
			isa = PBXGroup;
			children = (
				96A914C228C8BA33008ABFB1 /* TotalCell.swift */,
				9699C18E28C8D19D00481568 /* ProductCell.swift */,
			);
			path = Cell;
			sourceTree = "<group>";
		};
		96ACEE2428EC430500BE8D80 /* GrowMartAppTests */ = {
			isa = PBXGroup;
			children = (
				96B0EDF828EDF45500E0E4B9 /* Modules */,
				969C3EAB28ED93F200B8CDCA /* Extensions */,
				969C3EA828ED92E200B8CDCA /* Commons */,
				969C3EA328ED890500B8CDCA /* Components */,
				96ACEE2528EC430500BE8D80 /* BaseTests.swift */,
			);
			path = GrowMartAppTests;
			sourceTree = "<group>";
		};
		96AE558328BEB33000EC7295 /* Components */ = {
			isa = PBXGroup;
			children = (
				96B9834928B5830800073871 /* ViewCodable.swift */,
				96AE558428BEB3D100EC7295 /* CategoryButton.swift */,
				9692A82528D27B6400D040AA /* CategoriesSegmentedControl.swift */,
				96A28E3128DB52CE00D39621 /* InfoDataView.swift */,
				96A28E3328DB534F00D39621 /* LabelValueView.swift */,
				96A28E3528DB596B00D39621 /* HeaderView.swift */,
				96A58E3928E76B4700A71090 /* RightIconTextField.swift */,
				96A58E3D28E76DEE00A71090 /* PickerView.swift */,
			);
			path = Components;
			sourceTree = "<group>";
		};
		96B0EDF828EDF45500E0E4B9 /* Modules */ = {
			isa = PBXGroup;
			children = (
				96B0EDFD28EDF4A100E0E4B9 /* Login */,
			);
			path = Modules;
			sourceTree = "<group>";
		};
		96B0EDFD28EDF4A100E0E4B9 /* Login */ = {
			isa = PBXGroup;
			children = (
				96B0EDF928EDF47100E0E4B9 /* LoginViewControllerTests.swift */,
				96B0EDFB28EDF48600E0E4B9 /* LoginViewTests.swift */,
			);
			path = Login;
			sourceTree = "<group>";
		};
		96B1C27528D28118003AA7ED /* Cell */ = {
			isa = PBXGroup;
			children = (
				96B1C27628D2813A003AA7ED /* CatalogItemCell.swift */,
			);
			path = Cell;
			sourceTree = "<group>";
		};
		96B9834D28B59A4200073871 /* Extensions */ = {
			isa = PBXGroup;
			children = (
				96B9834B28B5923E00073871 /* UIColor+Extensions.swift */,
				9686997C28BD6AC20060F512 /* UIFont+Extensions.swift */,
				96A914C028C8B1FD008ABFB1 /* UIButton.Configuration+Extension.swift */,
				96BD138D28D3347000406BB4 /* UIImageView+Extensions.swift */,
				96A06BE228DB7AF000846A4D /* UITableViewCell+Extensions.swift */,
				96A58E3B28E76D8E00A71090 /* UITextField+Extensions.swift */,
				96C2DFED28EB4C1100819AE5 /* UICollectionViewCell.swift */,
			);
			path = Extensions;
			sourceTree = "<group>";
		};
		96B9834E28B59A7A00073871 /* Login */ = {
			isa = PBXGroup;
			children = (
				96040E8A28B432230029B0D7 /* LoginViewController.swift */,
				96B9834F28B59A9E00073871 /* LoginView.swift */,
			);
			path = Login;
			sourceTree = "<group>";
		};
		96D16DEA28CCC92D00B65B23 /* Modules */ = {
			isa = PBXGroup;
			children = (
				96A58E2C28E7613C00A71090 /* Product */,
				9698CC8B28E308F700E9DBB7 /* Base */,
				96A0180D28DA7EE200B19AB8 /* Profile */,
				96D16DEB28CCC94100B65B23 /* Catalog */,
				96B9834E28B59A7A00073871 /* Login */,
				969B9D8D28C3891E0065A0DE /* Cart */,
				96A66F1D28C20F3C00497050 /* Selector */,
			);
			path = Modules;
			sourceTree = "<group>";
		};
		96D16DEB28CCC94100B65B23 /* Catalog */ = {
			isa = PBXGroup;
			children = (
				96B1C27528D28118003AA7ED /* Cell */,
				96D16DEC28CCC95400B65B23 /* CatalogView.swift */,
				969A85A628D1E219009059C2 /* CatalogViewController.swift */,
			);
			path = Catalog;
			sourceTree = "<group>";
		};
		96F66EF028EAF78800A795E2 /* Cells */ = {
			isa = PBXGroup;
			children = (
				96F66EF128EAF7AE00A795E2 /* CarouselPhotosCell.swift */,
				96C2DFE928EB4A3E00819AE5 /* AddPhotoCell.swift */,
				96C2DFEB28EB4AF200819AE5 /* PhotoCell.swift */,
			);
			path = Cells;
			sourceTree = "<group>";
		};
/* End PBXGroup section */

/* Begin PBXNativeTarget section */
		96040E8228B432230029B0D7 /* GrowMartApp */ = {
			isa = PBXNativeTarget;
			buildConfigurationList = 96040E9728B432230029B0D7 /* Build configuration list for PBXNativeTarget "GrowMartApp" */;
			buildPhases = (
				4AF9DC2AB8B51AF709FF5900 /* [CP] Check Pods Manifest.lock */,
				96040E9A28B4339C0029B0D7 /* SwiftLint */,
				96040E7F28B432230029B0D7 /* Sources */,
				96040E8028B432230029B0D7 /* Frameworks */,
				96040E8128B432230029B0D7 /* Resources */,
				1A4413D361E3EAE4C23A6B5E /* [CP] Embed Pods Frameworks */,
			);
			buildRules = (
			);
			dependencies = (
			);
			name = GrowMartApp;
			productName = GrowMartApp;
			productReference = 96040E8328B432230029B0D7 /* GrowMartApp.app */;
			productType = "com.apple.product-type.application";
		};
		96ACEE2228EC430500BE8D80 /* GrowMartAppTests */ = {
			isa = PBXNativeTarget;
			buildConfigurationList = 96ACEE2B28EC430500BE8D80 /* Build configuration list for PBXNativeTarget "GrowMartAppTests" */;
			buildPhases = (
				9D482C6D38E1480629F64840 /* [CP] Check Pods Manifest.lock */,
				96ACEE1F28EC430500BE8D80 /* Sources */,
				96ACEE2028EC430500BE8D80 /* Frameworks */,
				96ACEE2128EC430500BE8D80 /* Resources */,
				292BA913DEF741B9E480CEDE /* [CP] Embed Pods Frameworks */,
			);
			buildRules = (
			);
			dependencies = (
				96ACEE2828EC430500BE8D80 /* PBXTargetDependency */,
			);
			name = GrowMartAppTests;
			productName = GrowMartAppTests;
			productReference = 96ACEE2328EC430500BE8D80 /* GrowMartAppTests.xctest */;
			productType = "com.apple.product-type.bundle.unit-test";
		};
/* End PBXNativeTarget section */

/* Begin PBXProject section */
		96040E7B28B432230029B0D7 /* Project object */ = {
			isa = PBXProject;
			attributes = {
				BuildIndependentTargetsInParallel = 1;
				LastSwiftUpdateCheck = 1340;
				LastUpgradeCheck = 1340;
				TargetAttributes = {
					96040E8228B432230029B0D7 = {
						CreatedOnToolsVersion = 13.4.1;
					};
					96ACEE2228EC430500BE8D80 = {
						CreatedOnToolsVersion = 13.4.1;
						TestTargetID = 96040E8228B432230029B0D7;
					};
				};
			};
			buildConfigurationList = 96040E7E28B432230029B0D7 /* Build configuration list for PBXProject "GrowMartApp" */;
			compatibilityVersion = "Xcode 13.0";
			developmentRegion = en;
			hasScannedForEncodings = 0;
			knownRegions = (
				en,
				Base,
			);
			mainGroup = 96040E7A28B432230029B0D7;
			productRefGroup = 96040E8428B432230029B0D7 /* Products */;
			projectDirPath = "";
			projectRoot = "";
			targets = (
				96040E8228B432230029B0D7 /* GrowMartApp */,
				96ACEE2228EC430500BE8D80 /* GrowMartAppTests */,
			);
		};
/* End PBXProject section */

/* Begin PBXResourcesBuildPhase section */
		96040E8128B432230029B0D7 /* Resources */ = {
			isa = PBXResourcesBuildPhase;
			buildActionMask = 2147483647;
			files = (
				9686998728BD82020060F512 /* Nunito-VariableFont_wght.ttf in Resources */,
				96040E9328B432230029B0D7 /* LaunchScreen.storyboard in Resources */,
				9686998628BD82020060F512 /* Nunito-Italic-VariableFont_wght.ttf in Resources */,
				96040E9028B432230029B0D7 /* Assets.xcassets in Resources */,
				9697398528F6255400AA029F /* Categories.json in Resources */,
			);
			runOnlyForDeploymentPostprocessing = 0;
		};
		96ACEE2128EC430500BE8D80 /* Resources */ = {
			isa = PBXResourcesBuildPhase;
			buildActionMask = 2147483647;
			files = (
			);
			runOnlyForDeploymentPostprocessing = 0;
		};
/* End PBXResourcesBuildPhase section */

/* Begin PBXShellScriptBuildPhase section */
		1A4413D361E3EAE4C23A6B5E /* [CP] Embed Pods Frameworks */ = {
			isa = PBXShellScriptBuildPhase;
			buildActionMask = 2147483647;
			files = (
			);
			inputFileListPaths = (
				"${PODS_ROOT}/Target Support Files/Pods-GrowMartApp/Pods-GrowMartApp-frameworks-${CONFIGURATION}-input-files.xcfilelist",
			);
			name = "[CP] Embed Pods Frameworks";
			outputFileListPaths = (
				"${PODS_ROOT}/Target Support Files/Pods-GrowMartApp/Pods-GrowMartApp-frameworks-${CONFIGURATION}-output-files.xcfilelist",
			);
			runOnlyForDeploymentPostprocessing = 0;
			shellPath = /bin/sh;
			shellScript = "\"${PODS_ROOT}/Target Support Files/Pods-GrowMartApp/Pods-GrowMartApp-frameworks.sh\"\n";
			showEnvVarsInLog = 0;
		};
		292BA913DEF741B9E480CEDE /* [CP] Embed Pods Frameworks */ = {
			isa = PBXShellScriptBuildPhase;
			buildActionMask = 2147483647;
			files = (
			);
			inputFileListPaths = (
				"${PODS_ROOT}/Target Support Files/Pods-GrowMartApp-GrowMartAppTests/Pods-GrowMartApp-GrowMartAppTests-frameworks-${CONFIGURATION}-input-files.xcfilelist",
			);
			name = "[CP] Embed Pods Frameworks";
			outputFileListPaths = (
				"${PODS_ROOT}/Target Support Files/Pods-GrowMartApp-GrowMartAppTests/Pods-GrowMartApp-GrowMartAppTests-frameworks-${CONFIGURATION}-output-files.xcfilelist",
			);
			runOnlyForDeploymentPostprocessing = 0;
			shellPath = /bin/sh;
			shellScript = "\"${PODS_ROOT}/Target Support Files/Pods-GrowMartApp-GrowMartAppTests/Pods-GrowMartApp-GrowMartAppTests-frameworks.sh\"\n";
			showEnvVarsInLog = 0;
		};
		4AF9DC2AB8B51AF709FF5900 /* [CP] Check Pods Manifest.lock */ = {
			isa = PBXShellScriptBuildPhase;
			buildActionMask = 2147483647;
			files = (
			);
			inputFileListPaths = (
			);
			inputPaths = (
				"${PODS_PODFILE_DIR_PATH}/Podfile.lock",
				"${PODS_ROOT}/Manifest.lock",
			);
			name = "[CP] Check Pods Manifest.lock";
			outputFileListPaths = (
			);
			outputPaths = (
				"$(DERIVED_FILE_DIR)/Pods-GrowMartApp-checkManifestLockResult.txt",
			);
			runOnlyForDeploymentPostprocessing = 0;
			shellPath = /bin/sh;
			shellScript = "diff \"${PODS_PODFILE_DIR_PATH}/Podfile.lock\" \"${PODS_ROOT}/Manifest.lock\" > /dev/null\nif [ $? != 0 ] ; then\n    # print error to STDERR\n    echo \"error: The sandbox is not in sync with the Podfile.lock. Run 'pod install' or update your CocoaPods installation.\" >&2\n    exit 1\nfi\n# This output is used by Xcode 'outputs' to avoid re-running this script phase.\necho \"SUCCESS\" > \"${SCRIPT_OUTPUT_FILE_0}\"\n";
			showEnvVarsInLog = 0;
		};
		96040E9A28B4339C0029B0D7 /* SwiftLint */ = {
			isa = PBXShellScriptBuildPhase;
			buildActionMask = 2147483647;
			files = (
			);
			inputFileListPaths = (
			);
			inputPaths = (
			);
			name = SwiftLint;
			outputFileListPaths = (
			);
			outputPaths = (
			);
			runOnlyForDeploymentPostprocessing = 0;
			shellPath = /bin/sh;
			shellScript = "\"${PODS_ROOT}/SwiftLint/swiftlint\"\n";
		};
		9D482C6D38E1480629F64840 /* [CP] Check Pods Manifest.lock */ = {
			isa = PBXShellScriptBuildPhase;
			buildActionMask = 2147483647;
			files = (
			);
			inputFileListPaths = (
			);
			inputPaths = (
				"${PODS_PODFILE_DIR_PATH}/Podfile.lock",
				"${PODS_ROOT}/Manifest.lock",
			);
			name = "[CP] Check Pods Manifest.lock";
			outputFileListPaths = (
			);
			outputPaths = (
				"$(DERIVED_FILE_DIR)/Pods-GrowMartApp-GrowMartAppTests-checkManifestLockResult.txt",
			);
			runOnlyForDeploymentPostprocessing = 0;
			shellPath = /bin/sh;
			shellScript = "diff \"${PODS_PODFILE_DIR_PATH}/Podfile.lock\" \"${PODS_ROOT}/Manifest.lock\" > /dev/null\nif [ $? != 0 ] ; then\n    # print error to STDERR\n    echo \"error: The sandbox is not in sync with the Podfile.lock. Run 'pod install' or update your CocoaPods installation.\" >&2\n    exit 1\nfi\n# This output is used by Xcode 'outputs' to avoid re-running this script phase.\necho \"SUCCESS\" > \"${SCRIPT_OUTPUT_FILE_0}\"\n";
			showEnvVarsInLog = 0;
		};
/* End PBXShellScriptBuildPhase section */

/* Begin PBXSourcesBuildPhase section */
		96040E7F28B432230029B0D7 /* Sources */ = {
			isa = PBXSourcesBuildPhase;
			buildActionMask = 2147483647;
			files = (
				96A28E3428DB534F00D39621 /* LabelValueView.swift in Sources */,
				969A85A728D1E219009059C2 /* CatalogViewController.swift in Sources */,
				9698BF0F28E21331008DFF41 /* CheckboxCell.swift in Sources */,
				96A28E3228DB52CE00D39621 /* InfoDataView.swift in Sources */,
				96C2DFEC28EB4AF200819AE5 /* PhotoCell.swift in Sources */,
				96B9835028B59A9E00073871 /* LoginView.swift in Sources */,
				96A58E3228E764EA00A71090 /* ProductDataView.swift in Sources */,
				96A914C328C8BA33008ABFB1 /* TotalCell.swift in Sources */,
				967ACF1528DF39CB00854CA7 /* CustomTextFieldCell.swift in Sources */,
				96A914BF28C8B054008ABFB1 /* ButtonCell.swift in Sources */,
				96AE558528BEB3D100EC7295 /* CategoryButton.swift in Sources */,
				96A58E3828E7689000A71090 /* SelectorCell.swift in Sources */,
				96A0181128DA7F0400B19AB8 /* ProfileViewController.swift in Sources */,
				96A58E3428E7669D00A71090 /* AddProductViewController.swift in Sources */,
				96A58E2B28E75EAA00A71090 /* BaseViewWithTableView.swift in Sources */,
				96F66EF228EAF7AE00A795E2 /* CarouselPhotosCell.swift in Sources */,
				96D16DE928CCC57400B65B23 /* BaseViewController.swift in Sources */,
				96A66F1F28C20F6600497050 /* SelectorView.swift in Sources */,
				9699C19128C8D27400481568 /* Product.swift in Sources */,
				96040E8B28B432230029B0D7 /* LoginViewController.swift in Sources */,
				96BD138E28D3347000406BB4 /* UIImageView+Extensions.swift in Sources */,
				96B1C27728D2813A003AA7ED /* CatalogItemCell.swift in Sources */,
				96C2DFEE28EB4C1100819AE5 /* UICollectionViewCell.swift in Sources */,
				96C8384328C7589D00E76F1D /* CartViewController.swift in Sources */,
				96A58E3628E7686600A71090 /* SimpleTextfieldCell.swift in Sources */,
				96A06BE328DB7AF100846A4D /* UITableViewCell+Extensions.swift in Sources */,
				96A28E3A28DB5C6700D39621 /* EditProfileViewController.swift in Sources */,
				96B9834C28B5923E00073871 /* UIColor+Extensions.swift in Sources */,
				96A0180F28DA7EF300B19AB8 /* ProfileView.swift in Sources */,
				96A58E3A28E76B4700A71090 /* RightIconTextField.swift in Sources */,
				96A28E3C28DB5C7000D39621 /* Profile.swift in Sources */,
				96B9834A28B5830800073871 /* ViewCodable.swift in Sources */,
				969C25CD28F57A0000AA44B1 /* CategoriesResponse.swift in Sources */,
				969B9D8F28C3892E0065A0DE /* CartView.swift in Sources */,
				96D16DE728CCC40200B65B23 /* CartFooterView.swift in Sources */,
				9697398728F6260E00AA029F /* CategoryButtonCell.swift in Sources */,
				96A28E3828DB5C5800D39621 /* EditProfileView.swift in Sources */,
				96A58E3C28E76D8E00A71090 /* UITextField+Extensions.swift in Sources */,
				96040E8728B432230029B0D7 /* AppDelegate.swift in Sources */,
				9692A82628D27B6400D040AA /* CategoriesSegmentedControl.swift in Sources */,
				96A58E3E28E76DEE00A71090 /* PickerView.swift in Sources */,
				96C2DFEA28EB4A3E00819AE5 /* AddPhotoCell.swift in Sources */,
				96D16DED28CCC95400B65B23 /* CatalogView.swift in Sources */,
				96A914C128C8B1FD008ABFB1 /* UIButton.Configuration+Extension.swift in Sources */,
				96A28E3628DB596B00D39621 /* HeaderView.swift in Sources */,
				96040E8928B432230029B0D7 /* SceneDelegate.swift in Sources */,
				9697398928F62C2300AA029F /* LoadingCell.swift in Sources */,
				9699C18F28C8D19D00481568 /* ProductCell.swift in Sources */,
				9698BF0D28E20ABC008DFF41 /* DoubleCustomTextFieldCell.swift in Sources */,
				9698CC8D28E3090A00E9DBB7 /* BaseView.swift in Sources */,
				9686997D28BD6AC20060F512 /* UIFont+Extensions.swift in Sources */,
				96A66F2128C20F7400497050 /* SelectorViewController.swift in Sources */,
			);
			runOnlyForDeploymentPostprocessing = 0;
		};
		96ACEE1F28EC430500BE8D80 /* Sources */ = {
			isa = PBXSourcesBuildPhase;
			buildActionMask = 2147483647;
			files = (
				96B0EDFA28EDF47100E0E4B9 /* LoginViewControllerTests.swift in Sources */,
				969C3EAD28ED948400B8CDCA /* Mirror+Extensions.swift in Sources */,
				96B0EDFC28EDF48600E0E4B9 /* LoginViewTests.swift in Sources */,
				96ACEE2628EC430500BE8D80 /* BaseTests.swift in Sources */,
				969C3EA528ED895B00B8CDCA /* CategoryButtonTests.swift in Sources */,
				969C3EA728ED90A200B8CDCA /* CategoriesSegmentedControlTests.swift in Sources */,
				969C3EAA28ED92F800B8CDCA /* ButtonCellTests.swift in Sources */,
			);
			runOnlyForDeploymentPostprocessing = 0;
		};
/* End PBXSourcesBuildPhase section */

/* Begin PBXTargetDependency section */
		96ACEE2828EC430500BE8D80 /* PBXTargetDependency */ = {
			isa = PBXTargetDependency;
			target = 96040E8228B432230029B0D7 /* GrowMartApp */;
			targetProxy = 96ACEE2728EC430500BE8D80 /* PBXContainerItemProxy */;
		};
/* End PBXTargetDependency section */

/* Begin PBXVariantGroup section */
		96040E9128B432230029B0D7 /* LaunchScreen.storyboard */ = {
			isa = PBXVariantGroup;
			children = (
				96040E9228B432230029B0D7 /* Base */,
			);
			name = LaunchScreen.storyboard;
			sourceTree = "<group>";
		};
/* End PBXVariantGroup section */

/* Begin XCBuildConfiguration section */
		96040E9528B432230029B0D7 /* Debug */ = {
			isa = XCBuildConfiguration;
			buildSettings = {
				ALWAYS_SEARCH_USER_PATHS = NO;
				CLANG_ANALYZER_NONNULL = YES;
				CLANG_ANALYZER_NUMBER_OBJECT_CONVERSION = YES_AGGRESSIVE;
				CLANG_CXX_LANGUAGE_STANDARD = "gnu++17";
				CLANG_ENABLE_MODULES = YES;
				CLANG_ENABLE_OBJC_ARC = YES;
				CLANG_ENABLE_OBJC_WEAK = YES;
				CLANG_WARN_BLOCK_CAPTURE_AUTORELEASING = YES;
				CLANG_WARN_BOOL_CONVERSION = YES;
				CLANG_WARN_COMMA = YES;
				CLANG_WARN_CONSTANT_CONVERSION = YES;
				CLANG_WARN_DEPRECATED_OBJC_IMPLEMENTATIONS = YES;
				CLANG_WARN_DIRECT_OBJC_ISA_USAGE = YES_ERROR;
				CLANG_WARN_DOCUMENTATION_COMMENTS = YES;
				CLANG_WARN_EMPTY_BODY = YES;
				CLANG_WARN_ENUM_CONVERSION = YES;
				CLANG_WARN_INFINITE_RECURSION = YES;
				CLANG_WARN_INT_CONVERSION = YES;
				CLANG_WARN_NON_LITERAL_NULL_CONVERSION = YES;
				CLANG_WARN_OBJC_IMPLICIT_RETAIN_SELF = YES;
				CLANG_WARN_OBJC_LITERAL_CONVERSION = YES;
				CLANG_WARN_OBJC_ROOT_CLASS = YES_ERROR;
				CLANG_WARN_QUOTED_INCLUDE_IN_FRAMEWORK_HEADER = YES;
				CLANG_WARN_RANGE_LOOP_ANALYSIS = YES;
				CLANG_WARN_STRICT_PROTOTYPES = YES;
				CLANG_WARN_SUSPICIOUS_MOVE = YES;
				CLANG_WARN_UNGUARDED_AVAILABILITY = YES_AGGRESSIVE;
				CLANG_WARN_UNREACHABLE_CODE = YES;
				CLANG_WARN__DUPLICATE_METHOD_MATCH = YES;
				COPY_PHASE_STRIP = NO;
				DEBUG_INFORMATION_FORMAT = dwarf;
				ENABLE_STRICT_OBJC_MSGSEND = YES;
				ENABLE_TESTABILITY = YES;
				GCC_C_LANGUAGE_STANDARD = gnu11;
				GCC_DYNAMIC_NO_PIC = NO;
				GCC_NO_COMMON_BLOCKS = YES;
				GCC_OPTIMIZATION_LEVEL = 0;
				GCC_PREPROCESSOR_DEFINITIONS = (
					"DEBUG=1",
					"$(inherited)",
				);
				GCC_WARN_64_TO_32_BIT_CONVERSION = YES;
				GCC_WARN_ABOUT_RETURN_TYPE = YES_ERROR;
				GCC_WARN_UNDECLARED_SELECTOR = YES;
				GCC_WARN_UNINITIALIZED_AUTOS = YES_AGGRESSIVE;
				GCC_WARN_UNUSED_FUNCTION = YES;
				GCC_WARN_UNUSED_VARIABLE = YES;
				IPHONEOS_DEPLOYMENT_TARGET = 15.5;
				MTL_ENABLE_DEBUG_INFO = INCLUDE_SOURCE;
				MTL_FAST_MATH = YES;
				ONLY_ACTIVE_ARCH = YES;
				SDKROOT = iphoneos;
				SWIFT_ACTIVE_COMPILATION_CONDITIONS = DEBUG;
				SWIFT_OPTIMIZATION_LEVEL = "-Onone";
			};
			name = Debug;
		};
		96040E9628B432230029B0D7 /* Release */ = {
			isa = XCBuildConfiguration;
			buildSettings = {
				ALWAYS_SEARCH_USER_PATHS = NO;
				CLANG_ANALYZER_NONNULL = YES;
				CLANG_ANALYZER_NUMBER_OBJECT_CONVERSION = YES_AGGRESSIVE;
				CLANG_CXX_LANGUAGE_STANDARD = "gnu++17";
				CLANG_ENABLE_MODULES = YES;
				CLANG_ENABLE_OBJC_ARC = YES;
				CLANG_ENABLE_OBJC_WEAK = YES;
				CLANG_WARN_BLOCK_CAPTURE_AUTORELEASING = YES;
				CLANG_WARN_BOOL_CONVERSION = YES;
				CLANG_WARN_COMMA = YES;
				CLANG_WARN_CONSTANT_CONVERSION = YES;
				CLANG_WARN_DEPRECATED_OBJC_IMPLEMENTATIONS = YES;
				CLANG_WARN_DIRECT_OBJC_ISA_USAGE = YES_ERROR;
				CLANG_WARN_DOCUMENTATION_COMMENTS = YES;
				CLANG_WARN_EMPTY_BODY = YES;
				CLANG_WARN_ENUM_CONVERSION = YES;
				CLANG_WARN_INFINITE_RECURSION = YES;
				CLANG_WARN_INT_CONVERSION = YES;
				CLANG_WARN_NON_LITERAL_NULL_CONVERSION = YES;
				CLANG_WARN_OBJC_IMPLICIT_RETAIN_SELF = YES;
				CLANG_WARN_OBJC_LITERAL_CONVERSION = YES;
				CLANG_WARN_OBJC_ROOT_CLASS = YES_ERROR;
				CLANG_WARN_QUOTED_INCLUDE_IN_FRAMEWORK_HEADER = YES;
				CLANG_WARN_RANGE_LOOP_ANALYSIS = YES;
				CLANG_WARN_STRICT_PROTOTYPES = YES;
				CLANG_WARN_SUSPICIOUS_MOVE = YES;
				CLANG_WARN_UNGUARDED_AVAILABILITY = YES_AGGRESSIVE;
				CLANG_WARN_UNREACHABLE_CODE = YES;
				CLANG_WARN__DUPLICATE_METHOD_MATCH = YES;
				COPY_PHASE_STRIP = NO;
				DEBUG_INFORMATION_FORMAT = "dwarf-with-dsym";
				ENABLE_NS_ASSERTIONS = NO;
				ENABLE_STRICT_OBJC_MSGSEND = YES;
				GCC_C_LANGUAGE_STANDARD = gnu11;
				GCC_NO_COMMON_BLOCKS = YES;
				GCC_WARN_64_TO_32_BIT_CONVERSION = YES;
				GCC_WARN_ABOUT_RETURN_TYPE = YES_ERROR;
				GCC_WARN_UNDECLARED_SELECTOR = YES;
				GCC_WARN_UNINITIALIZED_AUTOS = YES_AGGRESSIVE;
				GCC_WARN_UNUSED_FUNCTION = YES;
				GCC_WARN_UNUSED_VARIABLE = YES;
				IPHONEOS_DEPLOYMENT_TARGET = 15.5;
				MTL_ENABLE_DEBUG_INFO = NO;
				MTL_FAST_MATH = YES;
				SDKROOT = iphoneos;
				SWIFT_COMPILATION_MODE = wholemodule;
				SWIFT_OPTIMIZATION_LEVEL = "-O";
				VALIDATE_PRODUCT = YES;
			};
			name = Release;
		};
		96040E9828B432230029B0D7 /* Debug */ = {
			isa = XCBuildConfiguration;
			baseConfigurationReference = 6316936F36703CD9189B025D /* Pods-GrowMartApp.debug.xcconfig */;
			buildSettings = {
				ASSETCATALOG_COMPILER_APPICON_NAME = AppIcon;
				ASSETCATALOG_COMPILER_GLOBAL_ACCENT_COLOR_NAME = AccentColor;
				CODE_SIGN_STYLE = Automatic;
				CURRENT_PROJECT_VERSION = 1;
				DEVELOPMENT_TEAM = N7W6HJZX49;
				GENERATE_INFOPLIST_FILE = YES;
				INFOPLIST_FILE = GrowMartApp/Info.plist;
				INFOPLIST_KEY_LSApplicationCategoryType = "";
				INFOPLIST_KEY_NSPhotoLibraryAddUsageDescription = "Growmart gostaria de ter acesso as fotos do seu álbum de fotos";
				INFOPLIST_KEY_UIApplicationSupportsIndirectInputEvents = YES;
				INFOPLIST_KEY_UILaunchStoryboardName = LaunchScreen;
				INFOPLIST_KEY_UISupportedInterfaceOrientations_iPad = "UIInterfaceOrientationPortrait UIInterfaceOrientationPortraitUpsideDown UIInterfaceOrientationLandscapeLeft UIInterfaceOrientationLandscapeRight";
				INFOPLIST_KEY_UISupportedInterfaceOrientations_iPhone = "UIInterfaceOrientationPortrait UIInterfaceOrientationLandscapeLeft UIInterfaceOrientationLandscapeRight";
				LD_RUNPATH_SEARCH_PATHS = (
					"$(inherited)",
					"@executable_path/Frameworks",
				);
				MARKETING_VERSION = 1.0;
				PRODUCT_BUNDLE_IDENTIFIER = kauekaj.GrowMartApp;
				PRODUCT_NAME = "$(TARGET_NAME)";
				SWIFT_EMIT_LOC_STRINGS = YES;
				SWIFT_VERSION = 5.0;
				TARGETED_DEVICE_FAMILY = "1,2";
			};
			name = Debug;
		};
		96040E9928B432230029B0D7 /* Release */ = {
			isa = XCBuildConfiguration;
			baseConfigurationReference = 20CF47227B3446193022427B /* Pods-GrowMartApp.release.xcconfig */;
			buildSettings = {
				ASSETCATALOG_COMPILER_APPICON_NAME = AppIcon;
				ASSETCATALOG_COMPILER_GLOBAL_ACCENT_COLOR_NAME = AccentColor;
				CODE_SIGN_STYLE = Automatic;
				CURRENT_PROJECT_VERSION = 1;
				DEVELOPMENT_TEAM = N7W6HJZX49;
				GENERATE_INFOPLIST_FILE = YES;
				INFOPLIST_FILE = GrowMartApp/Info.plist;
				INFOPLIST_KEY_LSApplicationCategoryType = "";
				INFOPLIST_KEY_NSPhotoLibraryAddUsageDescription = "Growmart gostaria de ter acesso as fotos do seu álbum de fotos";
				INFOPLIST_KEY_UIApplicationSupportsIndirectInputEvents = YES;
				INFOPLIST_KEY_UILaunchStoryboardName = LaunchScreen;
				INFOPLIST_KEY_UISupportedInterfaceOrientations_iPad = "UIInterfaceOrientationPortrait UIInterfaceOrientationPortraitUpsideDown UIInterfaceOrientationLandscapeLeft UIInterfaceOrientationLandscapeRight";
				INFOPLIST_KEY_UISupportedInterfaceOrientations_iPhone = "UIInterfaceOrientationPortrait UIInterfaceOrientationLandscapeLeft UIInterfaceOrientationLandscapeRight";
				LD_RUNPATH_SEARCH_PATHS = (
					"$(inherited)",
					"@executable_path/Frameworks",
				);
				MARKETING_VERSION = 1.0;
				PRODUCT_BUNDLE_IDENTIFIER = kauekaj.GrowMartApp;
				PRODUCT_NAME = "$(TARGET_NAME)";
				SWIFT_EMIT_LOC_STRINGS = YES;
				SWIFT_VERSION = 5.0;
				TARGETED_DEVICE_FAMILY = "1,2";
			};
			name = Release;
		};
		969C25C928F5716800AA44B1 /* Mock */ = {
			isa = XCBuildConfiguration;
			buildSettings = {
				ALWAYS_SEARCH_USER_PATHS = NO;
				CLANG_ANALYZER_NONNULL = YES;
				CLANG_ANALYZER_NUMBER_OBJECT_CONVERSION = YES_AGGRESSIVE;
				CLANG_CXX_LANGUAGE_STANDARD = "gnu++17";
				CLANG_ENABLE_MODULES = YES;
				CLANG_ENABLE_OBJC_ARC = YES;
				CLANG_ENABLE_OBJC_WEAK = YES;
				CLANG_WARN_BLOCK_CAPTURE_AUTORELEASING = YES;
				CLANG_WARN_BOOL_CONVERSION = YES;
				CLANG_WARN_COMMA = YES;
				CLANG_WARN_CONSTANT_CONVERSION = YES;
				CLANG_WARN_DEPRECATED_OBJC_IMPLEMENTATIONS = YES;
				CLANG_WARN_DIRECT_OBJC_ISA_USAGE = YES_ERROR;
				CLANG_WARN_DOCUMENTATION_COMMENTS = YES;
				CLANG_WARN_EMPTY_BODY = YES;
				CLANG_WARN_ENUM_CONVERSION = YES;
				CLANG_WARN_INFINITE_RECURSION = YES;
				CLANG_WARN_INT_CONVERSION = YES;
				CLANG_WARN_NON_LITERAL_NULL_CONVERSION = YES;
				CLANG_WARN_OBJC_IMPLICIT_RETAIN_SELF = YES;
				CLANG_WARN_OBJC_LITERAL_CONVERSION = YES;
				CLANG_WARN_OBJC_ROOT_CLASS = YES_ERROR;
				CLANG_WARN_QUOTED_INCLUDE_IN_FRAMEWORK_HEADER = YES;
				CLANG_WARN_RANGE_LOOP_ANALYSIS = YES;
				CLANG_WARN_STRICT_PROTOTYPES = YES;
				CLANG_WARN_SUSPICIOUS_MOVE = YES;
				CLANG_WARN_UNGUARDED_AVAILABILITY = YES_AGGRESSIVE;
				CLANG_WARN_UNREACHABLE_CODE = YES;
				CLANG_WARN__DUPLICATE_METHOD_MATCH = YES;
				COPY_PHASE_STRIP = NO;
				DEBUG_INFORMATION_FORMAT = dwarf;
				ENABLE_STRICT_OBJC_MSGSEND = YES;
				ENABLE_TESTABILITY = YES;
				GCC_C_LANGUAGE_STANDARD = gnu11;
				GCC_DYNAMIC_NO_PIC = NO;
				GCC_NO_COMMON_BLOCKS = YES;
				GCC_OPTIMIZATION_LEVEL = 0;
				GCC_PREPROCESSOR_DEFINITIONS = (
					"DEBUG=1",
					"$(inherited)",
				);
				GCC_WARN_64_TO_32_BIT_CONVERSION = YES;
				GCC_WARN_ABOUT_RETURN_TYPE = YES_ERROR;
				GCC_WARN_UNDECLARED_SELECTOR = YES;
				GCC_WARN_UNINITIALIZED_AUTOS = YES_AGGRESSIVE;
				GCC_WARN_UNUSED_FUNCTION = YES;
				GCC_WARN_UNUSED_VARIABLE = YES;
				IPHONEOS_DEPLOYMENT_TARGET = 15.5;
				MTL_ENABLE_DEBUG_INFO = INCLUDE_SOURCE;
				MTL_FAST_MATH = YES;
				ONLY_ACTIVE_ARCH = YES;
				SDKROOT = iphoneos;
				SWIFT_ACTIVE_COMPILATION_CONDITIONS = DEBUG;
				SWIFT_OPTIMIZATION_LEVEL = "-Onone";
			};
			name = Mock;
		};
		969C25CA28F5716800AA44B1 /* Mock */ = {
			isa = XCBuildConfiguration;
			baseConfigurationReference = 6316936F36703CD9189B025D /* Pods-GrowMartApp.debug.xcconfig */;
			buildSettings = {
				ASSETCATALOG_COMPILER_APPICON_NAME = AppIcon;
				ASSETCATALOG_COMPILER_GLOBAL_ACCENT_COLOR_NAME = AccentColor;
				CODE_SIGN_STYLE = Automatic;
				CURRENT_PROJECT_VERSION = 1;
				DEVELOPMENT_TEAM = N7W6HJZX49;
				GENERATE_INFOPLIST_FILE = YES;
				INFOPLIST_FILE = GrowMartApp/Info.plist;
				INFOPLIST_KEY_LSApplicationCategoryType = "";
				INFOPLIST_KEY_NSPhotoLibraryAddUsageDescription = "Growmart gostaria de ter acesso as fotos do seu álbum de fotos";
				INFOPLIST_KEY_UIApplicationSupportsIndirectInputEvents = YES;
				INFOPLIST_KEY_UILaunchStoryboardName = LaunchScreen;
				INFOPLIST_KEY_UISupportedInterfaceOrientations_iPad = "UIInterfaceOrientationPortrait UIInterfaceOrientationPortraitUpsideDown UIInterfaceOrientationLandscapeLeft UIInterfaceOrientationLandscapeRight";
				INFOPLIST_KEY_UISupportedInterfaceOrientations_iPhone = "UIInterfaceOrientationPortrait UIInterfaceOrientationLandscapeLeft UIInterfaceOrientationLandscapeRight";
				LD_RUNPATH_SEARCH_PATHS = (
					"$(inherited)",
					"@executable_path/Frameworks",
				);
				MARKETING_VERSION = 1.0;
				PRODUCT_BUNDLE_IDENTIFIER = kauekaj.GrowMartApp;
				PRODUCT_NAME = "$(TARGET_NAME)";
				SWIFT_EMIT_LOC_STRINGS = YES;
				SWIFT_VERSION = 5.0;
				TARGETED_DEVICE_FAMILY = "1,2";
			};
			name = Mock;
		};
		969C25CB28F5716800AA44B1 /* Mock */ = {
			isa = XCBuildConfiguration;
			baseConfigurationReference = 8DF7C5C03BFF84320949E1FA /* Pods-GrowMartApp-GrowMartAppTests.debug.xcconfig */;
			buildSettings = {
				BUNDLE_LOADER = "$(TEST_HOST)";
				CODE_SIGN_STYLE = Automatic;
				CURRENT_PROJECT_VERSION = 1;
				DEVELOPMENT_TEAM = N7W6HJZX49;
				GENERATE_INFOPLIST_FILE = YES;
				MARKETING_VERSION = 1.0;
				PRODUCT_BUNDLE_IDENTIFIER = kauekaj.GrowMartAppTests;
				PRODUCT_NAME = "$(TARGET_NAME)";
				SWIFT_EMIT_LOC_STRINGS = NO;
				SWIFT_VERSION = 5.0;
				TARGETED_DEVICE_FAMILY = "1,2";
				TEST_HOST = "$(BUILT_PRODUCTS_DIR)/GrowMartApp.app/GrowMartApp";
			};
			name = Mock;
		};
		96ACEE2928EC430500BE8D80 /* Debug */ = {
			isa = XCBuildConfiguration;
			baseConfigurationReference = 8DF7C5C03BFF84320949E1FA /* Pods-GrowMartApp-GrowMartAppTests.debug.xcconfig */;
			buildSettings = {
				BUNDLE_LOADER = "$(TEST_HOST)";
				CODE_SIGN_STYLE = Automatic;
				CURRENT_PROJECT_VERSION = 1;
				DEVELOPMENT_TEAM = N7W6HJZX49;
				GENERATE_INFOPLIST_FILE = YES;
				MARKETING_VERSION = 1.0;
				PRODUCT_BUNDLE_IDENTIFIER = kauekaj.GrowMartAppTests;
				PRODUCT_NAME = "$(TARGET_NAME)";
				SWIFT_EMIT_LOC_STRINGS = NO;
				SWIFT_VERSION = 5.0;
				TARGETED_DEVICE_FAMILY = "1,2";
				TEST_HOST = "$(BUILT_PRODUCTS_DIR)/GrowMartApp.app/GrowMartApp";
			};
			name = Debug;
		};
		96ACEE2A28EC430500BE8D80 /* Release */ = {
			isa = XCBuildConfiguration;
			baseConfigurationReference = 43CA39B493B7C6779F8A5D96 /* Pods-GrowMartApp-GrowMartAppTests.release.xcconfig */;
			buildSettings = {
				BUNDLE_LOADER = "$(TEST_HOST)";
				CODE_SIGN_STYLE = Automatic;
				CURRENT_PROJECT_VERSION = 1;
				DEVELOPMENT_TEAM = N7W6HJZX49;
				GENERATE_INFOPLIST_FILE = YES;
				MARKETING_VERSION = 1.0;
				PRODUCT_BUNDLE_IDENTIFIER = kauekaj.GrowMartAppTests;
				PRODUCT_NAME = "$(TARGET_NAME)";
				SWIFT_EMIT_LOC_STRINGS = NO;
				SWIFT_VERSION = 5.0;
				TARGETED_DEVICE_FAMILY = "1,2";
				TEST_HOST = "$(BUILT_PRODUCTS_DIR)/GrowMartApp.app/GrowMartApp";
			};
			name = Release;
		};
/* End XCBuildConfiguration section */

/* Begin XCConfigurationList section */
		96040E7E28B432230029B0D7 /* Build configuration list for PBXProject "GrowMartApp" */ = {
			isa = XCConfigurationList;
			buildConfigurations = (
				96040E9528B432230029B0D7 /* Debug */,
				969C25C928F5716800AA44B1 /* Mock */,
				96040E9628B432230029B0D7 /* Release */,
			);
			defaultConfigurationIsVisible = 0;
			defaultConfigurationName = Release;
		};
		96040E9728B432230029B0D7 /* Build configuration list for PBXNativeTarget "GrowMartApp" */ = {
			isa = XCConfigurationList;
			buildConfigurations = (
				96040E9828B432230029B0D7 /* Debug */,
				969C25CA28F5716800AA44B1 /* Mock */,
				96040E9928B432230029B0D7 /* Release */,
			);
			defaultConfigurationIsVisible = 0;
			defaultConfigurationName = Release;
		};
		96ACEE2B28EC430500BE8D80 /* Build configuration list for PBXNativeTarget "GrowMartAppTests" */ = {
			isa = XCConfigurationList;
			buildConfigurations = (
				96ACEE2928EC430500BE8D80 /* Debug */,
				969C25CB28F5716800AA44B1 /* Mock */,
				96ACEE2A28EC430500BE8D80 /* Release */,
			);
			defaultConfigurationIsVisible = 0;
			defaultConfigurationName = Release;
		};
/* End XCConfigurationList section */
	};
	rootObject = 96040E7B28B432230029B0D7 /* Project object */;
}
